
Microsoft Visual Studio Solution File, Format Version 12.00
# Visual Studio 15
VisualStudioVersion = 15.0.28307.779
MinimumVisualStudioVersion = 10.0.40219.1
Project("{8BC9CEB8-8B4A-11D0-8D11-00A0C91BC942}") = "AI_Project", "AI_Project\AI_Project.vcxproj", "{2044901B-0992-4092-8634-DF9C419398F0}"
EndProject
Global
	GlobalSection(SolutionConfigurationPlatforms) = preSolution
		Debug|x64 = Debug|x64
		Debug|x86 = Debug|x86
		Release|x64 = Release|x64
		Release|x86 = Release|x86
	EndGlobalSection
	GlobalSection(ProjectConfigurationPlatforms) = postSolution
		{2044901B-0992-4092-8634-DF9C419398F0}.Debug|x64.ActiveCfg = Debug|x64
		{2044901B-0992-4092-8634-DF9C419398F0}.Debug|x64.Build.0 = Debug|x64
		{2044901B-0992-4092-8634-DF9C419398F0}.Debug|x86.ActiveCfg = Debug|Win32
		{2044901B-0992-4092-8634-DF9C419398F0}.Debug|x86.Build.0 = Debug|Win32
		{2044901B-0992-4092-8634-DF9C419398F0}.Release|x64.ActiveCfg = Release|x64
		{2044901B-0992-4092-8634-DF9C419398F0}.Release|x64.Build.0 = Release|x64
		{2044901B-0992-4092-8634-DF9C419398F0}.Release|x86.ActiveCfg = Release|Win32
		{2044901B-0992-4092-8634-DF9C419398F0}.Release|x86.Build.0 = Release|Win32
	EndGlobalSection
	GlobalSection(SolutionProperties) = preSolution
		HideSolutionNode = FALSE
	EndGlobalSection
	GlobalSection(ExtensibilityGlobals) = postSolution
		SolutionGuid = {3490B4B8-AD4C-4B6F-ADAE-D34F70D8FAC0}
	EndGlobalSection
EndGlobal
