<?xml version="1.0" encoding="utf-8"?>
<Project ToolsVersion="4.0" xmlns="http://schemas.microsoft.com/developer/msbuild/2003">
  <ItemGroup>
    <Filter Include="Source Files">
      <UniqueIdentifier>{4FC737F1-C7A5-4376-A066-2A32D752A2FF}</UniqueIdentifier>
      <Extensions>cpp;c;cc;cxx;def;odl;idl;hpj;bat;asm;asmx</Extensions>
    </Filter>
    <Filter Include="Header Files">
      <UniqueIdentifier>{93995380-89BD-4b04-88EB-625FBE52EBFB}</UniqueIdentifier>
      <Extensions>h;hh;hpp;hxx;hm;inl;inc;xsd</Extensions>
    </Filter>
    <Filter Include="Resource Files">
      <UniqueIdentifier>{67DA6AB6-F800-4c08-8B7A-83BB121AAD01}</UniqueIdentifier>
      <Extensions>rc;ico;cur;bmp;dlg;rc2;rct;bin;rgs;gif;jpg;jpeg;jpe;resx;tiff;tif;png;wav;mfcribbon-ms</Extensions>
    </Filter>
    <Filter Include="Header Files\Behaviours">
      <UniqueIdentifier>{3b32ca3f-ff6c-4cb4-87ed-a222a3b0771a}</UniqueIdentifier>
    </Filter>
    <Filter Include="Source Files\Behaviours">
      <UniqueIdentifier>{52d25f02-1227-4c65-94bc-0a1acd606a6b}</UniqueIdentifier>
    </Filter>
    <Filter Include="Header Files\Component">
      <UniqueIdentifier>{23b90bfd-67e0-4f8f-8608-857c32bdbfa2}</UniqueIdentifier>
    </Filter>
    <Filter Include="Source Files\Component">
      <UniqueIdentifier>{a9f3991f-0f44-4370-8fbc-8b31bc636df9}</UniqueIdentifier>
    </Filter>
    <Filter Include="Source Files\FSM">
      <UniqueIdentifier>{004eb255-95b0-4eec-a666-a8c55fa5a6b0}</UniqueIdentifier>
    </Filter>
    <Filter Include="Header Files\FSM">
      <UniqueIdentifier>{1328c057-b6f2-4630-89b8-b83b0a9cdf9e}</UniqueIdentifier>
    </Filter>
  </ItemGroup>
  <ItemGroup>
    <ClCompile Include="AgentTutorialApp.cpp">
      <Filter>Source Files</Filter>
    </ClCompile>
    <ClCompile Include="main.cpp">
      <Filter>Source Files</Filter>
    </ClCompile>
    <ClCompile Include="Agent.cpp">
      <Filter>Source Files</Filter>
    </ClCompile>
    <ClCompile Include="Tile.cpp">
      <Filter>Source Files</Filter>
    </ClCompile>
    <ClCompile Include="ImageManager.cpp">
      <Filter>Source Files</Filter>
    </ClCompile>
    <ClCompile Include="Level.cpp">
      <Filter>Source Files</Filter>
    </ClCompile>
    <ClCompile Include="Behaviour.cpp">
      <Filter>Source Files\Behaviours</Filter>
    </ClCompile>
    <ClCompile Include="FleeBehaviour.cpp">
      <Filter>Source Files\Behaviours</Filter>
    </ClCompile>
    <ClCompile Include="KeyboardBehaviour.cpp">
      <Filter>Source Files\Behaviours</Filter>
    </ClCompile>
    <ClCompile Include="SeekBehaviour.cpp">
      <Filter>Source Files\Behaviours</Filter>
    </ClCompile>
    <ClCompile Include="Rect.cpp">
      <Filter>Source Files</Filter>
    </ClCompile>
    <ClCompile Include="Collider.cpp">
      <Filter>Source Files\Component</Filter>
    </ClCompile>
    <ClCompile Include="WanderBehaviour.cpp">
      <Filter>Source Files\Behaviours</Filter>
    </ClCompile>
    <ClCompile Include="FSM.cpp">
      <Filter>Source Files\FSM</Filter>
    </ClCompile>
    <ClCompile Include="FSMCondition.cpp">
      <Filter>Source Files\FSM</Filter>
    </ClCompile>
    <ClCompile Include="FSMState.cpp">
      <Filter>Source Files\FSM</Filter>
    </ClCompile>
    <ClCompile Include="FSMTransition.cpp">
      <Filter>Source Files\FSM</Filter>
    </ClCompile>
    <ClCompile Include="MouseBehaviour.cpp">
      <Filter>Source Files</Filter>
    </ClCompile>
  </ItemGroup>
  <ItemGroup>
    <ClInclude Include="AgentTutorialApp.h">
      <Filter>Header Files</Filter>
    </ClInclude>
    <ClInclude Include="Agent.h">
      <Filter>Header Files</Filter>
    </ClInclude>
    <ClInclude Include="Tile.h">
      <Filter>Header Files</Filter>
    </ClInclude>
    <ClInclude Include="ImageManager.h">
      <Filter>Header Files</Filter>
    </ClInclude>
    <ClInclude Include="Level.h">
      <Filter>Header Files</Filter>
    </ClInclude>
    <ClInclude Include="Behaviour.h">
      <Filter>Header Files\Behaviours</Filter>
    </ClInclude>
    <ClInclude Include="FleeBehaviour.h">
      <Filter>Header Files\Behaviours</Filter>
    </ClInclude>
    <ClInclude Include="KeyboardBehaviour.h">
      <Filter>Header Files\Behaviours</Filter>
    </ClInclude>
    <ClInclude Include="SeekBehaviour.h">
      <Filter>Header Files\Behaviours</Filter>
    </ClInclude>
    <ClInclude Include="Rect.h">
      <Filter>Header Files</Filter>
    </ClInclude>
    <ClInclude Include="Collider.h">
      <Filter>Header Files\Component</Filter>
    </ClInclude>
    <ClInclude Include="WanderBehaviour.h">
      <Filter>Header Files\Behaviours</Filter>
    </ClInclude>
    <ClInclude Include="FSM.h">
      <Filter>Header Files\FSM</Filter>
    </ClInclude>
    <ClInclude Include="FSMCondition.h">
      <Filter>Header Files\FSM</Filter>
    </ClInclude>
    <ClInclude Include="FSMState.h">
      <Filter>Header Files\FSM</Filter>
    </ClInclude>
    <ClInclude Include="FSMTransition.h">
      <Filter>Header Files\FSM</Filter>
    </ClInclude>
    <ClInclude Include="State.h">
      <Filter>Header Files\FSM</Filter>
    </ClInclude>
    <ClInclude Include="Pathfinding.h">
      <Filter>Header Files\Component</Filter>
    </ClInclude>
    <ClInclude Include="Graph.h">
      <Filter>Header Files\Component</Filter>
    </ClInclude>
    <ClInclude Include="MouseBehaviour.h">
      <Filter>Header Files</Filter>
    </ClInclude>
    <ClInclude Include="Node.h">
      <Filter>Header Files\Component</Filter>
    </ClInclude>
    <ClInclude Include="Edge.h">
      <Filter>Header Files\Component</Filter>
    </ClInclude>
  </ItemGroup>
  <ItemGroup>
    <None Include="ClassDiagram.cd" />
    <None Include="ClassDiagram1.cd" />
  </ItemGroup>
</Project>